<Solution>
  <Folder Name="/src/">
    <Project Path="src/NetworkStats.Core/NetworkStats.Core.csproj" />
    <Project Path="src/NetworkStats.App/NetworkStats.App.csproj" />
  </Folder>
  <Folder Name="/tests/">
    <Project Path="tests/NetworkStats.Tests/NetworkStats.Tests.csproj" />
    <Project Path="tests/NetworkStats.DesktopTests/NetworkStats.DesktopTests.csproj" />
  </Folder>
</Solution>
